
Microsoft Visual Studio Solution File, Format Version 12.00
# Visual Studio Version 17
VisualStudioVersion = 17.0.31903.59
MinimumVisualStudioVersion = 10.0.40219.1
Project("{FAE04EC0-301F-11D3-BF4B-00C04F79EFBC}") = "ManagementSystemAPI.Api", "ManagementSystemAPI.Api\ManagementSystemAPI.Api.csproj", "{7D996CC9-B447-4D02-87DF-20EC59971BE6}"
EndProject
Project("{FAE04EC0-301F-11D3-BF4B-00C04F79EFBC}") = "ManagementSystemAPI.Core", "ManagementSystemAPI.Core\ManagementSystemAPI.Core.csproj", "{05E3C57D-E571-46A5-8A12-73B16E7C4CC6}"
EndProject
Project("{FAE04EC0-301F-11D3-BF4B-00C04F79EFBC}") = "ManagementSystemAPI.Data", "ManagementSystemAPI.Data\ManagementSystemAPI.Data.csproj", "{1D5D0FAA-A45E-450A-9AC7-C9644C18DB22}"
EndProject
Project("{FAE04EC0-301F-11D3-BF4B-00C04F79EFBC}") = "ManagementSystemAPI.Tests", "ManagementSystemAPI.Tests\ManagementSystemAPI.Tests.csproj", "{77F6BFA2-DCB7-44F5-910A-CCF9F3BD828F}"
EndProject
Global
	GlobalSection(SolutionConfigurationPlatforms) = preSolution
		Debug|Any CPU = Debug|Any CPU
		Release|Any CPU = Release|Any CPU
	EndGlobalSection
	GlobalSection(SolutionProperties) = preSolution
		HideSolutionNode = FALSE
	EndGlobalSection
	GlobalSection(ProjectConfigurationPlatforms) = postSolution
		{7D996CC9-B447-4D02-87DF-20EC59971BE6}.Debug|Any CPU.ActiveCfg = Debug|Any CPU
		{7D996CC9-B447-4D02-87DF-20EC59971BE6}.Debug|Any CPU.Build.0 = Debug|Any CPU
		{7D996CC9-B447-4D02-87DF-20EC59971BE6}.Release|Any CPU.ActiveCfg = Release|Any CPU
		{7D996CC9-B447-4D02-87DF-20EC59971BE6}.Release|Any CPU.Build.0 = Release|Any CPU
		{05E3C57D-E571-46A5-8A12-73B16E7C4CC6}.Debug|Any CPU.ActiveCfg = Debug|Any CPU
		{05E3C57D-E571-46A5-8A12-73B16E7C4CC6}.Debug|Any CPU.Build.0 = Debug|Any CPU
		{05E3C57D-E571-46A5-8A12-73B16E7C4CC6}.Release|Any CPU.ActiveCfg = Release|Any CPU
		{05E3C57D-E571-46A5-8A12-73B16E7C4CC6}.Release|Any CPU.Build.0 = Release|Any CPU
		{1D5D0FAA-A45E-450A-9AC7-C9644C18DB22}.Debug|Any CPU.ActiveCfg = Debug|Any CPU
		{1D5D0FAA-A45E-450A-9AC7-C9644C18DB22}.Debug|Any CPU.Build.0 = Debug|Any CPU
		{1D5D0FAA-A45E-450A-9AC7-C9644C18DB22}.Release|Any CPU.ActiveCfg = Release|Any CPU
		{1D5D0FAA-A45E-450A-9AC7-C9644C18DB22}.Release|Any CPU.Build.0 = Release|Any CPU
		{77F6BFA2-DCB7-44F5-910A-CCF9F3BD828F}.Debug|Any CPU.ActiveCfg = Debug|Any CPU
		{77F6BFA2-DCB7-44F5-910A-CCF9F3BD828F}.Debug|Any CPU.Build.0 = Debug|Any CPU
		{77F6BFA2-DCB7-44F5-910A-CCF9F3BD828F}.Release|Any CPU.ActiveCfg = Release|Any CPU
		{77F6BFA2-DCB7-44F5-910A-CCF9F3BD828F}.Release|Any CPU.Build.0 = Release|Any CPU
	EndGlobalSection
EndGlobal
